# THIS IS AN AUTOGENERATED FILE. DO NOT EDIT THIS FILE DIRECTLY.
# yarn lockfile v1


cron-parser@^2.4.0:
  version "2.4.1"
  resolved "http://registry.npm.taobao.org/cron-parser/download/cron-parser-2.4.1.tgz#022befce1af293e4d3144ff04c2cbd2edb491271"
  dependencies:
    is-nan "^1.2.1"
    moment-timezone "^0.5.0"

define-properties@^1.1.1:
  version "1.1.2"
  resolved "http://registry.npm.taobao.org/define-properties/download/define-properties-1.1.2.tgz#83a73f2fea569898fb737193c8f873caf6d45c94"
  dependencies:
    foreach "^2.0.5"
    object-keys "^1.0.8"

foreach@^2.0.5:
  version "2.0.5"
  resolved "http://registry.npm.taobao.org/foreach/download/foreach-2.0.5.tgz#0bee005018aeb260d0a3af3ae658dd0136ec1b99"

is-nan@^1.2.1:
  version "1.2.1"
  resolved "http://registry.npm.taobao.org/is-nan/download/is-nan-1.2.1.tgz#9faf65b6fb6db24b7f5c0628475ea71f988401e2"
  dependencies:
    define-properties "^1.1.1"

long-timeout@0.1.1:
  version "0.1.1"
  resolved "http://registry.npm.taobao.org/long-timeout/download/long-timeout-0.1.1.tgz#9721d788b47e0bcb5a24c2e2bee1a0da55dab514"

moment-timezone@^0.5.0:
  version "0.5.13"
  resolved "http://registry.npm.taobao.org/moment-timezone/download/moment-timezone-0.5.13.tgz#99ce5c7d827262eb0f1f702044177f60745d7b90"
  dependencies:
    moment ">= 2.9.0"

"moment@>= 2.9.0":
  version "2.18.1"
  resolved "http://registry.npm.taobao.org/moment/download/moment-2.18.1.tgz#c36193dd3ce1c2eed2adb7c802dbbc77a81b1c0f"

node-schedule@^1.2.4:
  version "1.2.4"
  resolved "http://registry.npm.taobao.org/node-schedule/download/node-schedule-1.2.4.tgz#c7765bcb2f18d88cf737eab5e1098223a3de7ab6"
  dependencies:
    cron-parser "^2.4.0"
    long-timeout "0.1.1"
    sorted-array-functions "^1.0.0"

nodemailer@^4.1.0:
  version "4.1.0"
  resolved "http://registry.npm.taobao.org/nodemailer/download/nodemailer-4.1.0.tgz#e3f76bcad7376bae44714552571f5b0674fe469f"

object-keys@^1.0.8:
  version "1.0.11"
  resolved "http://registry.npm.taobao.org/object-keys/download/object-keys-1.0.11.tgz#c54601778ad560f1142ce0e01bcca8b56d13426d"

sorted-array-functions@^1.0.0:
  version "1.0.0"
  resolved "http://registry.npm.taobao.org/sorted-array-functions/download/sorted-array-functions-1.0.0.tgz#c0b554d9e709affcbe56d34c1b2514197fd38279"
